
Microsoft Visual Studio Solution File, Format Version 12.00
# Visual Studio Version 17
VisualStudioVersion = 17.2.32630.192
MinimumVisualStudioVersion = 10.0.40219.1
Project("{FAE04EC0-301F-11D3-BF4B-00C04F79EFBC}") = "ClientClient", "ClientClient.csproj", "{1AD4E0C4-4A7B-4544-BF3C-6465E7EBE761}"
EndProject
Global
	GlobalSection(SolutionConfigurationPlatforms) = preSolution
		Debug|Any CPU = Debug|Any CPU
		Release|Any CPU = Release|Any CPU
	EndGlobalSection
	GlobalSection(ProjectConfigurationPlatforms) = postSolution
		{1AD4E0C4-4A7B-4544-BF3C-6465E7EBE761}.Debug|Any CPU.ActiveCfg = Debug|Any CPU
		{1AD4E0C4-4A7B-4544-BF3C-6465E7EBE761}.Debug|Any CPU.Build.0 = Debug|Any CPU
		{1AD4E0C4-4A7B-4544-BF3C-6465E7EBE761}.Release|Any CPU.ActiveCfg = Release|Any CPU
		{1AD4E0C4-4A7B-4544-BF3C-6465E7EBE761}.Release|Any CPU.Build.0 = Release|Any CPU
	EndGlobalSection
	GlobalSection(SolutionProperties) = preSolution
		HideSolutionNode = FALSE
	EndGlobalSection
	GlobalSection(ExtensibilityGlobals) = postSolution
		SolutionGuid = {DE3F0C83-A690-411F-B96B-60392C15BCD8}
	EndGlobalSection
EndGlobal
